// !$*UTF8*$!
{
	archiveVersion = 1;
	classes = {
	};
	objectVersion = 56;
	objects = {

/* Begin PBXBuildFile section */
		6F9DD38E2C63AA5F00B8BFE4 /* AppDelegate.swift in Sources */ = {isa = PBXBuildFile; fileRef = 6F9DD38D2C63AA5F00B8BFE4 /* AppDelegate.swift */; };
		6F9DD3902C63AA5F00B8BFE4 /* SceneDelegate.swift in Sources */ = {isa = PBXBuildFile; fileRef = 6F9DD38F2C63AA5F00B8BFE4 /* SceneDelegate.swift */; };
		6F9DD3922C63AA5F00B8BFE4 /* ViewController.swift in Sources */ = {isa = PBXBuildFile; fileRef = 6F9DD3912C63AA5F00B8BFE4 /* ViewController.swift */; };
		6F9DD3972C63AA6000B8BFE4 /* Assets.xcassets in Resources */ = {isa = PBXBuildFile; fileRef = 6F9DD3962C63AA6000B8BFE4 /* Assets.xcassets */; };
		6F9DD39A2C63AA6000B8BFE4 /* Base in Resources */ = {isa = PBXBuildFile; fileRef = 6F9DD3992C63AA6000B8BFE4 /* Base */; };
		6FD3F1A12C63AFD700435961 /* Then in Frameworks */ = {isa = PBXBuildFile; productRef = 6FD3F1A02C63AFD700435961 /* Then */; };
		6FD3F1A42C63B07700435961 /* SocketIO in Frameworks */ = {isa = PBXBuildFile; productRef = 6FD3F1A32C63B07700435961 /* SocketIO */; };
		6FD3F1AA2C63B10400435961 /* ChatViewController.swift in Sources */ = {isa = PBXBuildFile; fileRef = 6FD3F1A92C63B10400435961 /* ChatViewController.swift */; };
		6FD3F1AC2C63B11500435961 /* LoginViewController.swift in Sources */ = {isa = PBXBuildFile; fileRef = 6FD3F1AB2C63B11500435961 /* LoginViewController.swift */; };
		6FD3F1AE2C63B12500435961 /* MainViewController.swift in Sources */ = {isa = PBXBuildFile; fileRef = 6FD3F1AD2C63B12500435961 /* MainViewController.swift */; };
		6FD3F1B02C63B14200435961 /* SignupViewController.swift in Sources */ = {isa = PBXBuildFile; fileRef = 6FD3F1AF2C63B14100435961 /* SignupViewController.swift */; };
		6FD3F1B62C63B18B00435961 /* SGLoginButton.swift in Sources */ = {isa = PBXBuildFile; fileRef = 6FD3F1B52C63B18B00435961 /* SGLoginButton.swift */; };
		6FD3F1B82C63B1A300435961 /* SGLoginTextField.swift in Sources */ = {isa = PBXBuildFile; fileRef = 6FD3F1B72C63B1A300435961 /* SGLoginTextField.swift */; };
		6FD3F1BA2C63B1AE00435961 /* SGLoginTitleLabel.swift in Sources */ = {isa = PBXBuildFile; fileRef = 6FD3F1B92C63B1AE00435961 /* SGLoginTitleLabel.swift */; };
		6FD3F1BC2C63B1B800435961 /* SGSuggestionView.swift in Sources */ = {isa = PBXBuildFile; fileRef = 6FD3F1BB2C63B1B800435961 /* SGSuggestionView.swift */; };
		6FD3F1BE2C63B22900435961 /* ViewModel.swift in Sources */ = {isa = PBXBuildFile; fileRef = 6FD3F1BD2C63B22900435961 /* ViewModel.swift */; };
		6FD3F1C62C63B7B800435961 /* SnapKit in Frameworks */ = {isa = PBXBuildFile; productRef = 6FD3F1C52C63B7B800435961 /* SnapKit */; };
		90CEC39F2C64935400ACFB78 /* CombineMoya in Frameworks */ = {isa = PBXBuildFile; productRef = 90CEC39E2C64935400ACFB78 /* CombineMoya */; };
		90CEC3A12C64935400ACFB78 /* Moya in Frameworks */ = {isa = PBXBuildFile; productRef = 90CEC3A02C64935400ACFB78 /* Moya */; };
		90CEC3A32C64935400ACFB78 /* ReactiveMoya in Frameworks */ = {isa = PBXBuildFile; productRef = 90CEC3A22C64935400ACFB78 /* ReactiveMoya */; };
		90CEC3A52C64935400ACFB78 /* RxMoya in Frameworks */ = {isa = PBXBuildFile; productRef = 90CEC3A42C64935400ACFB78 /* RxMoya */; };
/* End PBXBuildFile section */

/* Begin PBXFileReference section */
		6F9DD38A2C63AA5F00B8BFE4 /* SGram_iOS.app */ = {isa = PBXFileReference; explicitFileType = wrapper.application; includeInIndex = 0; path = SGram_iOS.app; sourceTree = BUILT_PRODUCTS_DIR; };
		6F9DD38D2C63AA5F00B8BFE4 /* AppDelegate.swift */ = {isa = PBXFileReference; lastKnownFileType = sourcecode.swift; path = AppDelegate.swift; sourceTree = "<group>"; };
		6F9DD38F2C63AA5F00B8BFE4 /* SceneDelegate.swift */ = {isa = PBXFileReference; lastKnownFileType = sourcecode.swift; path = SceneDelegate.swift; sourceTree = "<group>"; };
		6F9DD3912C63AA5F00B8BFE4 /* ViewController.swift */ = {isa = PBXFileReference; lastKnownFileType = sourcecode.swift; path = ViewController.swift; sourceTree = "<group>"; };
		6F9DD3962C63AA6000B8BFE4 /* Assets.xcassets */ = {isa = PBXFileReference; lastKnownFileType = folder.assetcatalog; path = Assets.xcassets; sourceTree = "<group>"; };
		6F9DD3992C63AA6000B8BFE4 /* Base */ = {isa = PBXFileReference; lastKnownFileType = file.storyboard; name = Base; path = Base.lproj/LaunchScreen.storyboard; sourceTree = "<group>"; };
		6F9DD39B2C63AA6000B8BFE4 /* Info.plist */ = {isa = PBXFileReference; lastKnownFileType = text.plist.xml; path = Info.plist; sourceTree = "<group>"; };
		6FD3F1A92C63B10400435961 /* ChatViewController.swift */ = {isa = PBXFileReference; lastKnownFileType = sourcecode.swift; path = ChatViewController.swift; sourceTree = "<group>"; };
		6FD3F1AB2C63B11500435961 /* LoginViewController.swift */ = {isa = PBXFileReference; lastKnownFileType = sourcecode.swift; path = LoginViewController.swift; sourceTree = "<group>"; };
		6FD3F1AD2C63B12500435961 /* MainViewController.swift */ = {isa = PBXFileReference; lastKnownFileType = sourcecode.swift; path = MainViewController.swift; sourceTree = "<group>"; };
		6FD3F1AF2C63B14100435961 /* SignupViewController.swift */ = {isa = PBXFileReference; lastKnownFileType = sourcecode.swift; path = SignupViewController.swift; sourceTree = "<group>"; };
		6FD3F1B52C63B18B00435961 /* SGLoginButton.swift */ = {isa = PBXFileReference; lastKnownFileType = sourcecode.swift; path = SGLoginButton.swift; sourceTree = "<group>"; };
		6FD3F1B72C63B1A300435961 /* SGLoginTextField.swift */ = {isa = PBXFileReference; lastKnownFileType = sourcecode.swift; path = SGLoginTextField.swift; sourceTree = "<group>"; };
		6FD3F1B92C63B1AE00435961 /* SGLoginTitleLabel.swift */ = {isa = PBXFileReference; lastKnownFileType = sourcecode.swift; path = SGLoginTitleLabel.swift; sourceTree = "<group>"; };
		6FD3F1BB2C63B1B800435961 /* SGSuggestionView.swift */ = {isa = PBXFileReference; lastKnownFileType = sourcecode.swift; path = SGSuggestionView.swift; sourceTree = "<group>"; };
		6FD3F1BD2C63B22900435961 /* ViewModel.swift */ = {isa = PBXFileReference; lastKnownFileType = sourcecode.swift; path = ViewModel.swift; sourceTree = "<group>"; };
/* End PBXFileReference section */

/* Begin PBXFrameworksBuildPhase section */
		6F9DD3872C63AA5F00B8BFE4 /* Frameworks */ = {
			isa = PBXFrameworksBuildPhase;
			buildActionMask = 2147483647;
			files = (
				6FD3F1C62C63B7B800435961 /* SnapKit in Frameworks */,
				6FD3F1A12C63AFD700435961 /* Then in Frameworks */,
				90CEC39F2C64935400ACFB78 /* CombineMoya in Frameworks */,
				90CEC3A12C64935400ACFB78 /* Moya in Frameworks */,
				90CEC3A52C64935400ACFB78 /* RxMoya in Frameworks */,
				6FD3F1A42C63B07700435961 /* SocketIO in Frameworks */,
				90CEC3A32C64935400ACFB78 /* ReactiveMoya in Frameworks */,
			);
			runOnlyForDeploymentPostprocessing = 0;
		};
/* End PBXFrameworksBuildPhase section */

/* Begin PBXGroup section */
		6F9DD3812C63AA5F00B8BFE4 = {
			isa = PBXGroup;
			children = (
				6F9DD38C2C63AA5F00B8BFE4 /* SGram_iOS */,
				6F9DD38B2C63AA5F00B8BFE4 /* Products */,
			);
			sourceTree = "<group>";
		};
		6F9DD38B2C63AA5F00B8BFE4 /* Products */ = {
			isa = PBXGroup;
			children = (
				6F9DD38A2C63AA5F00B8BFE4 /* SGram_iOS.app */,
			);
			name = Products;
			sourceTree = "<group>";
		};
		6F9DD38C2C63AA5F00B8BFE4 /* SGram_iOS */ = {
			isa = PBXGroup;
			children = (
				6FD3F1A82C63B0D500435961 /* Sources */,
				6FD3F1A72C63B0CE00435961 /* Support */,
				6FD3F1A62C63B0C500435961 /* Resources */,
				6FD3F1A52C63B0BD00435961 /* App */,
			);
			path = SGram_iOS;
			sourceTree = "<group>";
		};
		6FD3F1A52C63B0BD00435961 /* App */ = {
			isa = PBXGroup;
			children = (
				6F9DD38D2C63AA5F00B8BFE4 /* AppDelegate.swift */,
				6F9DD38F2C63AA5F00B8BFE4 /* SceneDelegate.swift */,
			);
			path = App;
			sourceTree = "<group>";
		};
		6FD3F1A62C63B0C500435961 /* Resources */ = {
			isa = PBXGroup;
			children = (
				6F9DD3962C63AA6000B8BFE4 /* Assets.xcassets */,
				6F9DD3982C63AA6000B8BFE4 /* LaunchScreen.storyboard */,
			);
			path = Resources;
			sourceTree = "<group>";
		};
		6FD3F1A72C63B0CE00435961 /* Support */ = {
			isa = PBXGroup;
			children = (
				6F9DD39B2C63AA6000B8BFE4 /* Info.plist */,
			);
			path = Support;
			sourceTree = "<group>";
		};
		6FD3F1A82C63B0D500435961 /* Sources */ = {
			isa = PBXGroup;
			children = (
				6FD3F1CB2C63B8E800435961 /* New Group */,
				6FD3F1C82C63B8AC00435961 /* Signup */,
				6FD3F1C72C63B89D00435961 /* Login */,
				6FD3F1B42C63B18300435961 /* DesignSystem */,
				6F9DD3912C63AA5F00B8BFE4 /* ViewController.swift */,
				6FD3F1A92C63B10400435961 /* ChatViewController.swift */,
				6FD3F1AD2C63B12500435961 /* MainViewController.swift */,
				6FD3F1BD2C63B22900435961 /* ViewModel.swift */,
			);
			path = Sources;
			sourceTree = "<group>";
		};
		6FD3F1B42C63B18300435961 /* DesignSystem */ = {
			isa = PBXGroup;
			children = (
				6FD3F1B52C63B18B00435961 /* SGLoginButton.swift */,
				6FD3F1B72C63B1A300435961 /* SGLoginTextField.swift */,
				6FD3F1B92C63B1AE00435961 /* SGLoginTitleLabel.swift */,
				6FD3F1BB2C63B1B800435961 /* SGSuggestionView.swift */,
			);
			path = DesignSystem;
			sourceTree = "<group>";
		};
		6FD3F1C72C63B89D00435961 /* Login */ = {
			isa = PBXGroup;
			children = (
				6FD3F1AB2C63B11500435961 /* LoginViewController.swift */,
			);
			path = Login;
			sourceTree = "<group>";
		};
		6FD3F1C82C63B8AC00435961 /* Signup */ = {
			isa = PBXGroup;
			children = (
				6FD3F1AF2C63B14100435961 /* SignupViewController.swift */,
			);
			path = Signup;
			sourceTree = "<group>";
		};
		6FD3F1CB2C63B8E800435961 /* New Group */ = {
			isa = PBXGroup;
			children = (
			);
			path = "New Group";
			sourceTree = "<group>";
		};
/* End PBXGroup section */

/* Begin PBXNativeTarget section */
		6F9DD3892C63AA5F00B8BFE4 /* SGram_iOS */ = {
			isa = PBXNativeTarget;
			buildConfigurationList = 6F9DD39E2C63AA6000B8BFE4 /* Build configuration list for PBXNativeTarget "SGram_iOS" */;
			buildPhases = (
				6F9DD3862C63AA5F00B8BFE4 /* Sources */,
				6F9DD3872C63AA5F00B8BFE4 /* Frameworks */,
				6F9DD3882C63AA5F00B8BFE4 /* Resources */,
			);
			buildRules = (
			);
			dependencies = (
			);
			name = SGram_iOS;
			packageProductDependencies = (
				6FD3F1A02C63AFD700435961 /* Then */,
				6FD3F1A32C63B07700435961 /* SocketIO */,
				6FD3F1C52C63B7B800435961 /* SnapKit */,
				90CEC39E2C64935400ACFB78 /* CombineMoya */,
				90CEC3A02C64935400ACFB78 /* Moya */,
				90CEC3A22C64935400ACFB78 /* ReactiveMoya */,
				90CEC3A42C64935400ACFB78 /* RxMoya */,
			);
			productName = SGram_iOS;
			productReference = 6F9DD38A2C63AA5F00B8BFE4 /* SGram_iOS.app */;
			productType = "com.apple.product-type.application";
		};
/* End PBXNativeTarget section */

/* Begin PBXProject section */
		6F9DD3822C63AA5F00B8BFE4 /* Project object */ = {
			isa = PBXProject;
			attributes = {
				BuildIndependentTargetsInParallel = 1;
				LastSwiftUpdateCheck = 1540;
				LastUpgradeCheck = 1540;
				TargetAttributes = {
					6F9DD3892C63AA5F00B8BFE4 = {
						CreatedOnToolsVersion = 15.4;
					};
				};
			};
			buildConfigurationList = 6F9DD3852C63AA5F00B8BFE4 /* Build configuration list for PBXProject "SGram_iOS" */;
			compatibilityVersion = "Xcode 14.0";
			developmentRegion = en;
			hasScannedForEncodings = 0;
			knownRegions = (
				en,
				Base,
			);
			mainGroup = 6F9DD3812C63AA5F00B8BFE4;
			packageReferences = (
				6FD3F19F2C63AFD700435961 /* XCRemoteSwiftPackageReference "Then" */,
				6FD3F1A22C63B07700435961 /* XCRemoteSwiftPackageReference "socket" */,
				6FD3F1C42C63B7B800435961 /* XCRemoteSwiftPackageReference "SnapKit" */,
				90CEC39D2C64935400ACFB78 /* XCRemoteSwiftPackageReference "Moya" */,
			);
			productRefGroup = 6F9DD38B2C63AA5F00B8BFE4 /* Products */;
			projectDirPath = "";
			projectRoot = "";
			targets = (
				6F9DD3892C63AA5F00B8BFE4 /* SGram_iOS */,
			);
		};
/* End PBXProject section */

/* Begin PBXResourcesBuildPhase section */
		6F9DD3882C63AA5F00B8BFE4 /* Resources */ = {
			isa = PBXResourcesBuildPhase;
			buildActionMask = 2147483647;
			files = (
				6F9DD3972C63AA6000B8BFE4 /* Assets.xcassets in Resources */,
				6F9DD39A2C63AA6000B8BFE4 /* Base in Resources */,
			);
			runOnlyForDeploymentPostprocessing = 0;
		};
/* End PBXResourcesBuildPhase section */

/* Begin PBXSourcesBuildPhase section */
		6F9DD3862C63AA5F00B8BFE4 /* Sources */ = {
			isa = PBXSourcesBuildPhase;
			buildActionMask = 2147483647;
			files = (
				6F9DD3922C63AA5F00B8BFE4 /* ViewController.swift in Sources */,
				6F9DD38E2C63AA5F00B8BFE4 /* AppDelegate.swift in Sources */,
				6FD3F1B82C63B1A300435961 /* SGLoginTextField.swift in Sources */,
				6FD3F1B02C63B14200435961 /* SignupViewController.swift in Sources */,
				6FD3F1AA2C63B10400435961 /* ChatViewController.swift in Sources */,
				6FD3F1BE2C63B22900435961 /* ViewModel.swift in Sources */,
				6FD3F1BA2C63B1AE00435961 /* SGLoginTitleLabel.swift in Sources */,
				6FD3F1AE2C63B12500435961 /* MainViewController.swift in Sources */,
				6FD3F1AC2C63B11500435961 /* LoginViewController.swift in Sources */,
				6FD3F1B62C63B18B00435961 /* SGLoginButton.swift in Sources */,
				6FD3F1BC2C63B1B800435961 /* SGSuggestionView.swift in Sources */,
				6F9DD3902C63AA5F00B8BFE4 /* SceneDelegate.swift in Sources */,
			);
			runOnlyForDeploymentPostprocessing = 0;
		};
/* End PBXSourcesBuildPhase section */

/* Begin PBXVariantGroup section */
		6F9DD3982C63AA6000B8BFE4 /* LaunchScreen.storyboard */ = {
			isa = PBXVariantGroup;
			children = (
				6F9DD3992C63AA6000B8BFE4 /* Base */,
			);
			name = LaunchScreen.storyboard;
			sourceTree = "<group>";
		};
/* End PBXVariantGroup section */

/* Begin XCBuildConfiguration section */
		6F9DD39C2C63AA6000B8BFE4 /* Debug */ = {
			isa = XCBuildConfiguration;
			buildSettings = {
				ALWAYS_SEARCH_USER_PATHS = NO;
				ASSETCATALOG_COMPILER_GENERATE_SWIFT_ASSET_SYMBOL_EXTENSIONS = YES;
				CLANG_ANALYZER_NONNULL = YES;
				CLANG_ANALYZER_NUMBER_OBJECT_CONVERSION = YES_AGGRESSIVE;
				CLANG_CXX_LANGUAGE_STANDARD = "gnu++20";
				CLANG_ENABLE_MODULES = YES;
				CLANG_ENABLE_OBJC_ARC = YES;
				CLANG_ENABLE_OBJC_WEAK = YES;
				CLANG_WARN_BLOCK_CAPTURE_AUTORELEASING = YES;
				CLANG_WARN_BOOL_CONVERSION = YES;
				CLANG_WARN_COMMA = YES;
				CLANG_WARN_CONSTANT_CONVERSION = YES;
				CLANG_WARN_DEPRECATED_OBJC_IMPLEMENTATIONS = YES;
				CLANG_WARN_DIRECT_OBJC_ISA_USAGE = YES_ERROR;
				CLANG_WARN_DOCUMENTATION_COMMENTS = YES;
				CLANG_WARN_EMPTY_BODY = YES;
				CLANG_WARN_ENUM_CONVERSION = YES;
				CLANG_WARN_INFINITE_RECURSION = YES;
				CLANG_WARN_INT_CONVERSION = YES;
				CLANG_WARN_NON_LITERAL_NULL_CONVERSION = YES;
				CLANG_WARN_OBJC_IMPLICIT_RETAIN_SELF = YES;
				CLANG_WARN_OBJC_LITERAL_CONVERSION = YES;
				CLANG_WARN_OBJC_ROOT_CLASS = YES_ERROR;
				CLANG_WARN_QUOTED_INCLUDE_IN_FRAMEWORK_HEADER = YES;
				CLANG_WARN_RANGE_LOOP_ANALYSIS = YES;
				CLANG_WARN_STRICT_PROTOTYPES = YES;
				CLANG_WARN_SUSPICIOUS_MOVE = YES;
				CLANG_WARN_UNGUARDED_AVAILABILITY = YES_AGGRESSIVE;
				CLANG_WARN_UNREACHABLE_CODE = YES;
				CLANG_WARN__DUPLICATE_METHOD_MATCH = YES;
				COPY_PHASE_STRIP = NO;
				DEBUG_INFORMATION_FORMAT = dwarf;
				ENABLE_STRICT_OBJC_MSGSEND = YES;
				ENABLE_TESTABILITY = YES;
				ENABLE_USER_SCRIPT_SANDBOXING = YES;
				GCC_C_LANGUAGE_STANDARD = gnu17;
				GCC_DYNAMIC_NO_PIC = NO;
				GCC_NO_COMMON_BLOCKS = YES;
				GCC_OPTIMIZATION_LEVEL = 0;
				GCC_PREPROCESSOR_DEFINITIONS = (
					"DEBUG=1",
					"$(inherited)",
				);
				GCC_WARN_64_TO_32_BIT_CONVERSION = YES;
				GCC_WARN_ABOUT_RETURN_TYPE = YES_ERROR;
				GCC_WARN_UNDECLARED_SELECTOR = YES;
				GCC_WARN_UNINITIALIZED_AUTOS = YES_AGGRESSIVE;
				GCC_WARN_UNUSED_FUNCTION = YES;
				GCC_WARN_UNUSED_VARIABLE = YES;
				IPHONEOS_DEPLOYMENT_TARGET = 17.5;
				LOCALIZATION_PREFERS_STRING_CATALOGS = YES;
				MTL_ENABLE_DEBUG_INFO = INCLUDE_SOURCE;
				MTL_FAST_MATH = YES;
				ONLY_ACTIVE_ARCH = YES;
				SDKROOT = iphoneos;
				SWIFT_ACTIVE_COMPILATION_CONDITIONS = "DEBUG $(inherited)";
				SWIFT_OPTIMIZATION_LEVEL = "-Onone";
			};
			name = Debug;
		};
		6F9DD39D2C63AA6000B8BFE4 /* Release */ = {
			isa = XCBuildConfiguration;
			buildSettings = {
				ALWAYS_SEARCH_USER_PATHS = NO;
				ASSETCATALOG_COMPILER_GENERATE_SWIFT_ASSET_SYMBOL_EXTENSIONS = YES;
				CLANG_ANALYZER_NONNULL = YES;
				CLANG_ANALYZER_NUMBER_OBJECT_CONVERSION = YES_AGGRESSIVE;
				CLANG_CXX_LANGUAGE_STANDARD = "gnu++20";
				CLANG_ENABLE_MODULES = YES;
				CLANG_ENABLE_OBJC_ARC = YES;
				CLANG_ENABLE_OBJC_WEAK = YES;
				CLANG_WARN_BLOCK_CAPTURE_AUTORELEASING = YES;
				CLANG_WARN_BOOL_CONVERSION = YES;
				CLANG_WARN_COMMA = YES;
				CLANG_WARN_CONSTANT_CONVERSION = YES;
				CLANG_WARN_DEPRECATED_OBJC_IMPLEMENTATIONS = YES;
				CLANG_WARN_DIRECT_OBJC_ISA_USAGE = YES_ERROR;
				CLANG_WARN_DOCUMENTATION_COMMENTS = YES;
				CLANG_WARN_EMPTY_BODY = YES;
				CLANG_WARN_ENUM_CONVERSION = YES;
				CLANG_WARN_INFINITE_RECURSION = YES;
				CLANG_WARN_INT_CONVERSION = YES;
				CLANG_WARN_NON_LITERAL_NULL_CONVERSION = YES;
				CLANG_WARN_OBJC_IMPLICIT_RETAIN_SELF = YES;
				CLANG_WARN_OBJC_LITERAL_CONVERSION = YES;
				CLANG_WARN_OBJC_ROOT_CLASS = YES_ERROR;
				CLANG_WARN_QUOTED_INCLUDE_IN_FRAMEWORK_HEADER = YES;
				CLANG_WARN_RANGE_LOOP_ANALYSIS = YES;
				CLANG_WARN_STRICT_PROTOTYPES = YES;
				CLANG_WARN_SUSPICIOUS_MOVE = YES;
				CLANG_WARN_UNGUARDED_AVAILABILITY = YES_AGGRESSIVE;
				CLANG_WARN_UNREACHABLE_CODE = YES;
				CLANG_WARN__DUPLICATE_METHOD_MATCH = YES;
				COPY_PHASE_STRIP = NO;
				DEBUG_INFORMATION_FORMAT = "dwarf-with-dsym";
				ENABLE_NS_ASSERTIONS = NO;
				ENABLE_STRICT_OBJC_MSGSEND = YES;
				ENABLE_USER_SCRIPT_SANDBOXING = YES;
				GCC_C_LANGUAGE_STANDARD = gnu17;
				GCC_NO_COMMON_BLOCKS = YES;
				GCC_WARN_64_TO_32_BIT_CONVERSION = YES;
				GCC_WARN_ABOUT_RETURN_TYPE = YES_ERROR;
				GCC_WARN_UNDECLARED_SELECTOR = YES;
				GCC_WARN_UNINITIALIZED_AUTOS = YES_AGGRESSIVE;
				GCC_WARN_UNUSED_FUNCTION = YES;
				GCC_WARN_UNUSED_VARIABLE = YES;
				IPHONEOS_DEPLOYMENT_TARGET = 17.5;
				LOCALIZATION_PREFERS_STRING_CATALOGS = YES;
				MTL_ENABLE_DEBUG_INFO = NO;
				MTL_FAST_MATH = YES;
				SDKROOT = iphoneos;
				SWIFT_COMPILATION_MODE = wholemodule;
				VALIDATE_PRODUCT = YES;
			};
			name = Release;
		};
		6F9DD39F2C63AA6000B8BFE4 /* Debug */ = {
			isa = XCBuildConfiguration;
			buildSettings = {
				ASSETCATALOG_COMPILER_APPICON_NAME = AppIcon;
				ASSETCATALOG_COMPILER_GLOBAL_ACCENT_COLOR_NAME = AccentColor;
				CODE_SIGN_STYLE = Automatic;
				CURRENT_PROJECT_VERSION = 1;
				GENERATE_INFOPLIST_FILE = YES;
				INFOPLIST_FILE = SGram_iOS/Support/Info.plist;
				INFOPLIST_KEY_UIApplicationSupportsIndirectInputEvents = YES;
				INFOPLIST_KEY_UILaunchStoryboardName = LaunchScreen;
				INFOPLIST_KEY_UISupportedInterfaceOrientations_iPad = "UIInterfaceOrientationPortrait UIInterfaceOrientationPortraitUpsideDown UIInterfaceOrientationLandscapeLeft UIInterfaceOrientationLandscapeRight";
				INFOPLIST_KEY_UISupportedInterfaceOrientations_iPhone = "UIInterfaceOrientationPortrait UIInterfaceOrientationLandscapeLeft UIInterfaceOrientationLandscapeRight";
				LD_RUNPATH_SEARCH_PATHS = (
					"$(inherited)",
					"@executable_path/Frameworks",
				);
				MARKETING_VERSION = 1.0;
				PRODUCT_BUNDLE_IDENTIFIER = "com.gram.SGram-iOS";
				PRODUCT_NAME = "$(TARGET_NAME)";
				SWIFT_EMIT_LOC_STRINGS = YES;
				SWIFT_VERSION = 5.0;
				TARGETED_DEVICE_FAMILY = "1,2";
			};
			name = Debug;
		};
		6F9DD3A02C63AA6000B8BFE4 /* Release */ = {
			isa = XCBuildConfiguration;
			buildSettings = {
				ASSETCATALOG_COMPILER_APPICON_NAME = AppIcon;
				ASSETCATALOG_COMPILER_GLOBAL_ACCENT_COLOR_NAME = AccentColor;
				CODE_SIGN_STYLE = Automatic;
				CURRENT_PROJECT_VERSION = 1;
				GENERATE_INFOPLIST_FILE = YES;
				INFOPLIST_FILE = SGram_iOS/Support/Info.plist;
				INFOPLIST_KEY_UIApplicationSupportsIndirectInputEvents = YES;
				INFOPLIST_KEY_UILaunchStoryboardName = LaunchScreen;
				INFOPLIST_KEY_UISupportedInterfaceOrientations_iPad = "UIInterfaceOrientationPortrait UIInterfaceOrientationPortraitUpsideDown UIInterfaceOrientationLandscapeLeft UIInterfaceOrientationLandscapeRight";
				INFOPLIST_KEY_UISupportedInterfaceOrientations_iPhone = "UIInterfaceOrientationPortrait UIInterfaceOrientationLandscapeLeft UIInterfaceOrientationLandscapeRight";
				LD_RUNPATH_SEARCH_PATHS = (
					"$(inherited)",
					"@executable_path/Frameworks",
				);
				MARKETING_VERSION = 1.0;
				PRODUCT_BUNDLE_IDENTIFIER = "com.gram.SGram-iOS";
				PRODUCT_NAME = "$(TARGET_NAME)";
				SWIFT_EMIT_LOC_STRINGS = YES;
				SWIFT_VERSION = 5.0;
				TARGETED_DEVICE_FAMILY = "1,2";
			};
			name = Release;
		};
/* End XCBuildConfiguration section */

/* Begin XCConfigurationList section */
		6F9DD3852C63AA5F00B8BFE4 /* Build configuration list for PBXProject "SGram_iOS" */ = {
			isa = XCConfigurationList;
			buildConfigurations = (
				6F9DD39C2C63AA6000B8BFE4 /* Debug */,
				6F9DD39D2C63AA6000B8BFE4 /* Release */,
			);
			defaultConfigurationIsVisible = 0;
			defaultConfigurationName = Release;
		};
		6F9DD39E2C63AA6000B8BFE4 /* Build configuration list for PBXNativeTarget "SGram_iOS" */ = {
			isa = XCConfigurationList;
			buildConfigurations = (
				6F9DD39F2C63AA6000B8BFE4 /* Debug */,
				6F9DD3A02C63AA6000B8BFE4 /* Release */,
			);
			defaultConfigurationIsVisible = 0;
			defaultConfigurationName = Release;
		};
/* End XCConfigurationList section */

/* Begin XCRemoteSwiftPackageReference section */
		6FD3F19F2C63AFD700435961 /* XCRemoteSwiftPackageReference "Then" */ = {
			isa = XCRemoteSwiftPackageReference;
			repositoryURL = "https://github.com/devxoul/Then";
			requirement = {
				kind = upToNextMajorVersion;
				minimumVersion = 3.0.0;
			};
		};
		6FD3F1A22C63B07700435961 /* XCRemoteSwiftPackageReference "socket" */ = {
			isa = XCRemoteSwiftPackageReference;
			repositoryURL = "https://github.com/socketio/socket.io-client-swift";
			requirement = {
				branch = master;
				kind = branch;
			};
		};
		6FD3F1C42C63B7B800435961 /* XCRemoteSwiftPackageReference "SnapKit" */ = {
			isa = XCRemoteSwiftPackageReference;
			repositoryURL = "https://github.com/SnapKit/SnapKit.git";
			requirement = {
				kind = upToNextMajorVersion;
				minimumVersion = 5.7.1;
			};
		};
		90CEC39D2C64935400ACFB78 /* XCRemoteSwiftPackageReference "Moya" */ = {
			isa = XCRemoteSwiftPackageReference;
			repositoryURL = "https://github.com/Moya/Moya";
			requirement = {
				kind = upToNextMajorVersion;
				minimumVersion = 15.0.3;
			};
		};
/* End XCRemoteSwiftPackageReference section */

/* Begin XCSwiftPackageProductDependency section */
		6FD3F1A02C63AFD700435961 /* Then */ = {
			isa = XCSwiftPackageProductDependency;
			package = 6FD3F19F2C63AFD700435961 /* XCRemoteSwiftPackageReference "Then" */;
			productName = Then;
		};
		6FD3F1A32C63B07700435961 /* SocketIO */ = {
			isa = XCSwiftPackageProductDependency;
			package = 6FD3F1A22C63B07700435961 /* XCRemoteSwiftPackageReference "socket" */;
			productName = SocketIO;
		};
		6FD3F1C52C63B7B800435961 /* SnapKit */ = {
			isa = XCSwiftPackageProductDependency;
			package = 6FD3F1C42C63B7B800435961 /* XCRemoteSwiftPackageReference "SnapKit" */;
			productName = SnapKit;
		};
		90CEC39E2C64935400ACFB78 /* CombineMoya */ = {
			isa = XCSwiftPackageProductDependency;
			package = 90CEC39D2C64935400ACFB78 /* XCRemoteSwiftPackageReference "Moya" */;
			productName = CombineMoya;
		};
		90CEC3A02C64935400ACFB78 /* Moya */ = {
			isa = XCSwiftPackageProductDependency;
			package = 90CEC39D2C64935400ACFB78 /* XCRemoteSwiftPackageReference "Moya" */;
			productName = Moya;
		};
		90CEC3A22C64935400ACFB78 /* ReactiveMoya */ = {
			isa = XCSwiftPackageProductDependency;
			package = 90CEC39D2C64935400ACFB78 /* XCRemoteSwiftPackageReference "Moya" */;
			productName = ReactiveMoya;
		};
		90CEC3A42C64935400ACFB78 /* RxMoya */ = {
			isa = XCSwiftPackageProductDependency;
			package = 90CEC39D2C64935400ACFB78 /* XCRemoteSwiftPackageReference "Moya" */;
			productName = RxMoya;
		};
/* End XCSwiftPackageProductDependency section */
	};
	rootObject = 6F9DD3822C63AA5F00B8BFE4 /* Project object */;
}
